
Microsoft Visual Studio Solution File, Format Version 12.00
# Visual Studio 14
VisualStudioVersion = 14.0.25420.1
MinimumVisualStudioVersion = 10.0.40219.1
Project("{FAE04EC0-301F-11D3-BF4B-00C04F79EFBC}") = "Expenses.UI", "Expenses.UI\Expenses.UI.csproj", "{7BCE9631-CF4F-4B80-AC3F-23D2C39A5379}"
EndProject
Project("{FAE04EC0-301F-11D3-BF4B-00C04F79EFBC}") = "Expenses.Domain", "Expenses.Domain\Expenses.Domain.csproj", "{A84E724C-9200-432E-98F5-1245F47EDAA0}"
EndProject
Project("{FAE04EC0-301F-11D3-BF4B-00C04F79EFBC}") = "Expenses.Repository", "Expenses.Repository\Expenses.Repository.csproj", "{59FCC5B1-271E-4A79-AD66-4B38C5B6FDAE}"
EndProject
Project("{FAE04EC0-301F-11D3-BF4B-00C04F79EFBC}") = "Expenses.Core", "Expenses.Core\Expenses.Core.csproj", "{4F311A25-C5E6-4184-8B61-3D29564FBD5E}"
EndProject
Global
	GlobalSection(SolutionConfigurationPlatforms) = preSolution
		Debug|Any CPU = Debug|Any CPU
		Release|Any CPU = Release|Any CPU
	EndGlobalSection
	GlobalSection(ProjectConfigurationPlatforms) = postSolution
		{7BCE9631-CF4F-4B80-AC3F-23D2C39A5379}.Debug|Any CPU.ActiveCfg = Debug|Any CPU
		{7BCE9631-CF4F-4B80-AC3F-23D2C39A5379}.Debug|Any CPU.Build.0 = Debug|Any CPU
		{7BCE9631-CF4F-4B80-AC3F-23D2C39A5379}.Release|Any CPU.ActiveCfg = Release|Any CPU
		{7BCE9631-CF4F-4B80-AC3F-23D2C39A5379}.Release|Any CPU.Build.0 = Release|Any CPU
		{A84E724C-9200-432E-98F5-1245F47EDAA0}.Debug|Any CPU.ActiveCfg = Debug|Any CPU
		{A84E724C-9200-432E-98F5-1245F47EDAA0}.Debug|Any CPU.Build.0 = Debug|Any CPU
		{A84E724C-9200-432E-98F5-1245F47EDAA0}.Release|Any CPU.ActiveCfg = Release|Any CPU
		{A84E724C-9200-432E-98F5-1245F47EDAA0}.Release|Any CPU.Build.0 = Release|Any CPU
		{59FCC5B1-271E-4A79-AD66-4B38C5B6FDAE}.Debug|Any CPU.ActiveCfg = Debug|Any CPU
		{59FCC5B1-271E-4A79-AD66-4B38C5B6FDAE}.Debug|Any CPU.Build.0 = Debug|Any CPU
		{59FCC5B1-271E-4A79-AD66-4B38C5B6FDAE}.Release|Any CPU.ActiveCfg = Release|Any CPU
		{59FCC5B1-271E-4A79-AD66-4B38C5B6FDAE}.Release|Any CPU.Build.0 = Release|Any CPU
		{4F311A25-C5E6-4184-8B61-3D29564FBD5E}.Debug|Any CPU.ActiveCfg = Debug|Any CPU
		{4F311A25-C5E6-4184-8B61-3D29564FBD5E}.Debug|Any CPU.Build.0 = Debug|Any CPU
		{4F311A25-C5E6-4184-8B61-3D29564FBD5E}.Release|Any CPU.ActiveCfg = Release|Any CPU
		{4F311A25-C5E6-4184-8B61-3D29564FBD5E}.Release|Any CPU.Build.0 = Release|Any CPU
	EndGlobalSection
	GlobalSection(SolutionProperties) = preSolution
		HideSolutionNode = FALSE
	EndGlobalSection
EndGlobal
